// !$*UTF8*$!
{
	archiveVersion = 1;
	classes = {
	};
	objectVersion = 50;
	objects = {

/* Begin PBXBuildFile section */
		285F146B221EF7DC00BE4CB5 /* menu-filled.png in Resources */ = {isa = PBXBuildFile; fileRef = 285F146A221EF7DB00BE4CB5 /* menu-filled.png */; };
		285F146D221F028200BE4CB5 /* MenuViewController.swift in Sources */ = {isa = PBXBuildFile; fileRef = 285F146C221F028100BE4CB5 /* MenuViewController.swift */; };
		28FA071E21D2814700E1A891 /* AppDelegate.swift in Sources */ = {isa = PBXBuildFile; fileRef = 28FA071D21D2814700E1A891 /* AppDelegate.swift */; };
		28FA072021D2814700E1A891 /* ViewController.swift in Sources */ = {isa = PBXBuildFile; fileRef = 28FA071F21D2814700E1A891 /* ViewController.swift */; };
		28FA072321D2814700E1A891 /* Main.storyboard in Resources */ = {isa = PBXBuildFile; fileRef = 28FA072121D2814700E1A891 /* Main.storyboard */; };
		28FA072621D2814700E1A891 /* PomodoroTimer.xcdatamodeld in Sources */ = {isa = PBXBuildFile; fileRef = 28FA072421D2814700E1A891 /* PomodoroTimer.xcdatamodeld */; };
		28FA072821D2815300E1A891 /* Assets.xcassets in Resources */ = {isa = PBXBuildFile; fileRef = 28FA072721D2815300E1A891 /* Assets.xcassets */; };
		28FA073621D2815300E1A891 /* PomodoroTimerTests.swift in Sources */ = {isa = PBXBuildFile; fileRef = 28FA073521D2815300E1A891 /* PomodoroTimerTests.swift */; };
		28FA074121D2815300E1A891 /* PomodoroTimerUITests.swift in Sources */ = {isa = PBXBuildFile; fileRef = 28FA074021D2815300E1A891 /* PomodoroTimerUITests.swift */; };
/* End PBXBuildFile section */

/* Begin PBXContainerItemProxy section */
		28FA073221D2815300E1A891 /* PBXContainerItemProxy */ = {
			isa = PBXContainerItemProxy;
			containerPortal = 28FA071221D2814600E1A891 /* Project object */;
			proxyType = 1;
			remoteGlobalIDString = 28FA071921D2814700E1A891;
			remoteInfo = PomodoroTimer;
		};
		28FA073D21D2815300E1A891 /* PBXContainerItemProxy */ = {
			isa = PBXContainerItemProxy;
			containerPortal = 28FA071221D2814600E1A891 /* Project object */;
			proxyType = 1;
			remoteGlobalIDString = 28FA071921D2814700E1A891;
			remoteInfo = PomodoroTimer;
		};
/* End PBXContainerItemProxy section */

/* Begin PBXFileReference section */
		285F146A221EF7DB00BE4CB5 /* menu-filled.png */ = {isa = PBXFileReference; lastKnownFileType = image.png; path = "menu-filled.png"; sourceTree = "<group>"; };
		285F146C221F028100BE4CB5 /* MenuViewController.swift */ = {isa = PBXFileReference; lastKnownFileType = sourcecode.swift; path = MenuViewController.swift; sourceTree = "<group>"; };
		28FA071A21D2814700E1A891 /* PomodoroTimer.app */ = {isa = PBXFileReference; explicitFileType = wrapper.application; includeInIndex = 0; path = PomodoroTimer.app; sourceTree = BUILT_PRODUCTS_DIR; };
		28FA071D21D2814700E1A891 /* AppDelegate.swift */ = {isa = PBXFileReference; lastKnownFileType = sourcecode.swift; path = AppDelegate.swift; sourceTree = "<group>"; };
		28FA071F21D2814700E1A891 /* ViewController.swift */ = {isa = PBXFileReference; lastKnownFileType = sourcecode.swift; path = ViewController.swift; sourceTree = "<group>"; };
		28FA072221D2814700E1A891 /* Base */ = {isa = PBXFileReference; lastKnownFileType = file.storyboard; name = Base; path = Base.lproj/Main.storyboard; sourceTree = "<group>"; };
		28FA072521D2814700E1A891 /* PomodoroTimer.xcdatamodel */ = {isa = PBXFileReference; lastKnownFileType = wrapper.xcdatamodel; path = PomodoroTimer.xcdatamodel; sourceTree = "<group>"; };
		28FA072721D2815300E1A891 /* Assets.xcassets */ = {isa = PBXFileReference; lastKnownFileType = folder.assetcatalog; path = Assets.xcassets; sourceTree = "<group>"; };
		28FA072C21D2815300E1A891 /* Info.plist */ = {isa = PBXFileReference; lastKnownFileType = text.plist.xml; path = Info.plist; sourceTree = "<group>"; };
		28FA073121D2815300E1A891 /* PomodoroTimerTests.xctest */ = {isa = PBXFileReference; explicitFileType = wrapper.cfbundle; includeInIndex = 0; path = PomodoroTimerTests.xctest; sourceTree = BUILT_PRODUCTS_DIR; };
		28FA073521D2815300E1A891 /* PomodoroTimerTests.swift */ = {isa = PBXFileReference; lastKnownFileType = sourcecode.swift; path = PomodoroTimerTests.swift; sourceTree = "<group>"; };
		28FA073721D2815300E1A891 /* Info.plist */ = {isa = PBXFileReference; lastKnownFileType = text.plist.xml; path = Info.plist; sourceTree = "<group>"; };
		28FA073C21D2815300E1A891 /* PomodoroTimerUITests.xctest */ = {isa = PBXFileReference; explicitFileType = wrapper.cfbundle; includeInIndex = 0; path = PomodoroTimerUITests.xctest; sourceTree = BUILT_PRODUCTS_DIR; };
		28FA074021D2815300E1A891 /* PomodoroTimerUITests.swift */ = {isa = PBXFileReference; lastKnownFileType = sourcecode.swift; path = PomodoroTimerUITests.swift; sourceTree = "<group>"; };
		28FA074221D2815300E1A891 /* Info.plist */ = {isa = PBXFileReference; lastKnownFileType = text.plist.xml; path = Info.plist; sourceTree = "<group>"; };
/* End PBXFileReference section */

/* Begin PBXFrameworksBuildPhase section */
		28FA071721D2814700E1A891 /* Frameworks */ = {
			isa = PBXFrameworksBuildPhase;
			buildActionMask = 2147483647;
			files = (
			);
			runOnlyForDeploymentPostprocessing = 0;
		};
		28FA072E21D2815300E1A891 /* Frameworks */ = {
			isa = PBXFrameworksBuildPhase;
			buildActionMask = 2147483647;
			files = (
			);
			runOnlyForDeploymentPostprocessing = 0;
		};
		28FA073921D2815300E1A891 /* Frameworks */ = {
			isa = PBXFrameworksBuildPhase;
			buildActionMask = 2147483647;
			files = (
			);
			runOnlyForDeploymentPostprocessing = 0;
		};
/* End PBXFrameworksBuildPhase section */

/* Begin PBXGroup section */
		28FA071121D2814600E1A891 = {
			isa = PBXGroup;
			children = (
				28FA071C21D2814700E1A891 /* PomodoroTimer */,
				28FA073421D2815300E1A891 /* PomodoroTimerTests */,
				28FA073F21D2815300E1A891 /* PomodoroTimerUITests */,
				28FA071B21D2814700E1A891 /* Products */,
			);
			sourceTree = "<group>";
		};
		28FA071B21D2814700E1A891 /* Products */ = {
			isa = PBXGroup;
			children = (
				28FA071A21D2814700E1A891 /* PomodoroTimer.app */,
				28FA073121D2815300E1A891 /* PomodoroTimerTests.xctest */,
				28FA073C21D2815300E1A891 /* PomodoroTimerUITests.xctest */,
			);
			name = Products;
			sourceTree = "<group>";
		};
		28FA071C21D2814700E1A891 /* PomodoroTimer */ = {
			isa = PBXGroup;
			children = (
				28FA071D21D2814700E1A891 /* AppDelegate.swift */,
				28FA071F21D2814700E1A891 /* ViewController.swift */,
				285F146C221F028100BE4CB5 /* MenuViewController.swift */,
				28FA072121D2814700E1A891 /* Main.storyboard */,
				28FA072721D2815300E1A891 /* Assets.xcassets */,
				285F146A221EF7DB00BE4CB5 /* menu-filled.png */,
				28FA072C21D2815300E1A891 /* Info.plist */,
				28FA072421D2814700E1A891 /* PomodoroTimer.xcdatamodeld */,
			);
			path = PomodoroTimer;
			sourceTree = "<group>";
		};
		28FA073421D2815300E1A891 /* PomodoroTimerTests */ = {
			isa = PBXGroup;
			children = (
				28FA073521D2815300E1A891 /* PomodoroTimerTests.swift */,
				28FA073721D2815300E1A891 /* Info.plist */,
			);
			path = PomodoroTimerTests;
			sourceTree = "<group>";
		};
		28FA073F21D2815300E1A891 /* PomodoroTimerUITests */ = {
			isa = PBXGroup;
			children = (
				28FA074021D2815300E1A891 /* PomodoroTimerUITests.swift */,
				28FA074221D2815300E1A891 /* Info.plist */,
			);
			path = PomodoroTimerUITests;
			sourceTree = "<group>";
		};
/* End PBXGroup section */

/* Begin PBXNativeTarget section */
		28FA071921D2814700E1A891 /* PomodoroTimer */ = {
			isa = PBXNativeTarget;
			buildConfigurationList = 28FA074521D2815300E1A891 /* Build configuration list for PBXNativeTarget "PomodoroTimer" */;
			buildPhases = (
				28FA071621D2814700E1A891 /* Sources */,
				28FA071721D2814700E1A891 /* Frameworks */,
				28FA071821D2814700E1A891 /* Resources */,
			);
			buildRules = (
			);
			dependencies = (
			);
			name = PomodoroTimer;
			productName = PomodoroTimer;
			productReference = 28FA071A21D2814700E1A891 /* PomodoroTimer.app */;
			productType = "com.apple.product-type.application";
		};
		28FA073021D2815300E1A891 /* PomodoroTimerTests */ = {
			isa = PBXNativeTarget;
			buildConfigurationList = 28FA074821D2815300E1A891 /* Build configuration list for PBXNativeTarget "PomodoroTimerTests" */;
			buildPhases = (
				28FA072D21D2815300E1A891 /* Sources */,
				28FA072E21D2815300E1A891 /* Frameworks */,
				28FA072F21D2815300E1A891 /* Resources */,
			);
			buildRules = (
			);
			dependencies = (
				28FA073321D2815300E1A891 /* PBXTargetDependency */,
			);
			name = PomodoroTimerTests;
			productName = PomodoroTimerTests;
			productReference = 28FA073121D2815300E1A891 /* PomodoroTimerTests.xctest */;
			productType = "com.apple.product-type.bundle.unit-test";
		};
		28FA073B21D2815300E1A891 /* PomodoroTimerUITests */ = {
			isa = PBXNativeTarget;
			buildConfigurationList = 28FA074B21D2815300E1A891 /* Build configuration list for PBXNativeTarget "PomodoroTimerUITests" */;
			buildPhases = (
				28FA073821D2815300E1A891 /* Sources */,
				28FA073921D2815300E1A891 /* Frameworks */,
				28FA073A21D2815300E1A891 /* Resources */,
			);
			buildRules = (
			);
			dependencies = (
				28FA073E21D2815300E1A891 /* PBXTargetDependency */,
			);
			name = PomodoroTimerUITests;
			productName = PomodoroTimerUITests;
			productReference = 28FA073C21D2815300E1A891 /* PomodoroTimerUITests.xctest */;
			productType = "com.apple.product-type.bundle.ui-testing";
		};
/* End PBXNativeTarget section */

/* Begin PBXProject section */
		28FA071221D2814600E1A891 /* Project object */ = {
			isa = PBXProject;
			attributes = {
				LastSwiftUpdateCheck = 1010;
				LastUpgradeCheck = 1010;
				ORGANIZATIONNAME = "ポモポモ";
				TargetAttributes = {
					28FA071921D2814700E1A891 = {
						CreatedOnToolsVersion = 10.1;
					};
					28FA073021D2815300E1A891 = {
						CreatedOnToolsVersion = 10.1;
						TestTargetID = 28FA071921D2814700E1A891;
					};
					28FA073B21D2815300E1A891 = {
						CreatedOnToolsVersion = 10.1;
						TestTargetID = 28FA071921D2814700E1A891;
					};
				};
			};
			buildConfigurationList = 28FA071521D2814600E1A891 /* Build configuration list for PBXProject "PomodoroTimer" */;
			compatibilityVersion = "Xcode 9.3";
			developmentRegion = en;
			hasScannedForEncodings = 0;
			knownRegions = (
				en,
				Base,
			);
			mainGroup = 28FA071121D2814600E1A891;
			productRefGroup = 28FA071B21D2814700E1A891 /* Products */;
			projectDirPath = "";
			projectRoot = "";
			targets = (
				28FA071921D2814700E1A891 /* PomodoroTimer */,
				28FA073021D2815300E1A891 /* PomodoroTimerTests */,
				28FA073B21D2815300E1A891 /* PomodoroTimerUITests */,
			);
		};
/* End PBXProject section */

/* Begin PBXResourcesBuildPhase section */
		28FA071821D2814700E1A891 /* Resources */ = {
			isa = PBXResourcesBuildPhase;
			buildActionMask = 2147483647;
			files = (
				28FA072821D2815300E1A891 /* Assets.xcassets in Resources */,
				28FA072321D2814700E1A891 /* Main.storyboard in Resources */,
				285F146B221EF7DC00BE4CB5 /* menu-filled.png in Resources */,
			);
			runOnlyForDeploymentPostprocessing = 0;
		};
		28FA072F21D2815300E1A891 /* Resources */ = {
			isa = PBXResourcesBuildPhase;
			buildActionMask = 2147483647;
			files = (
			);
			runOnlyForDeploymentPostprocessing = 0;
		};
		28FA073A21D2815300E1A891 /* Resources */ = {
			isa = PBXResourcesBuildPhase;
			buildActionMask = 2147483647;
			files = (
			);
			runOnlyForDeploymentPostprocessing = 0;
		};
/* End PBXResourcesBuildPhase section */

/* Begin PBXSourcesBuildPhase section */
		28FA071621D2814700E1A891 /* Sources */ = {
			isa = PBXSourcesBuildPhase;
			buildActionMask = 2147483647;
			files = (
				28FA072021D2814700E1A891 /* ViewController.swift in Sources */,
				28FA072621D2814700E1A891 /* PomodoroTimer.xcdatamodeld in Sources */,
				28FA071E21D2814700E1A891 /* AppDelegate.swift in Sources */,
				285F146D221F028200BE4CB5 /* MenuViewController.swift in Sources */,
			);
			runOnlyForDeploymentPostprocessing = 0;
		};
		28FA072D21D2815300E1A891 /* Sources */ = {
			isa = PBXSourcesBuildPhase;
			buildActionMask = 2147483647;
			files = (
				28FA073621D2815300E1A891 /* PomodoroTimerTests.swift in Sources */,
			);
			runOnlyForDeploymentPostprocessing = 0;
		};
		28FA073821D2815300E1A891 /* Sources */ = {
			isa = PBXSourcesBuildPhase;
			buildActionMask = 2147483647;
			files = (
				28FA074121D2815300E1A891 /* PomodoroTimerUITests.swift in Sources */,
			);
			runOnlyForDeploymentPostprocessing = 0;
		};
/* End PBXSourcesBuildPhase section */

/* Begin PBXTargetDependency section */
		28FA073321D2815300E1A891 /* PBXTargetDependency */ = {
			isa = PBXTargetDependency;
			target = 28FA071921D2814700E1A891 /* PomodoroTimer */;
			targetProxy = 28FA073221D2815300E1A891 /* PBXContainerItemProxy */;
		};
		28FA073E21D2815300E1A891 /* PBXTargetDependency */ = {
			isa = PBXTargetDependency;
			target = 28FA071921D2814700E1A891 /* PomodoroTimer */;
			targetProxy = 28FA073D21D2815300E1A891 /* PBXContainerItemProxy */;
		};
/* End PBXTargetDependency section */

/* Begin PBXVariantGroup section */
		28FA072121D2814700E1A891 /* Main.storyboard */ = {
			isa = PBXVariantGroup;
			children = (
				28FA072221D2814700E1A891 /* Base */,
			);
			name = Main.storyboard;
			sourceTree = "<group>";
		};
/* End PBXVariantGroup section */

/* Begin XCBuildConfiguration section */
		28FA074321D2815300E1A891 /* Debug */ = {
			isa = XCBuildConfiguration;
			buildSettings = {
				ALWAYS_SEARCH_USER_PATHS = NO;
				CLANG_ANALYZER_NONNULL = YES;
				CLANG_ANALYZER_NUMBER_OBJECT_CONVERSION = YES_AGGRESSIVE;
				CLANG_CXX_LANGUAGE_STANDARD = "gnu++14";
				CLANG_CXX_LIBRARY = "libc++";
				CLANG_ENABLE_MODULES = YES;
				CLANG_ENABLE_OBJC_ARC = YES;
				CLANG_ENABLE_OBJC_WEAK = YES;
				CLANG_WARN_BLOCK_CAPTURE_AUTORELEASING = YES;
				CLANG_WARN_BOOL_CONVERSION = YES;
				CLANG_WARN_COMMA = YES;
				CLANG_WARN_CONSTANT_CONVERSION = YES;
				CLANG_WARN_DEPRECATED_OBJC_IMPLEMENTATIONS = YES;
				CLANG_WARN_DIRECT_OBJC_ISA_USAGE = YES_ERROR;
				CLANG_WARN_DOCUMENTATION_COMMENTS = YES;
				CLANG_WARN_EMPTY_BODY = YES;
				CLANG_WARN_ENUM_CONVERSION = YES;
				CLANG_WARN_INFINITE_RECURSION = YES;
				CLANG_WARN_INT_CONVERSION = YES;
				CLANG_WARN_NON_LITERAL_NULL_CONVERSION = YES;
				CLANG_WARN_OBJC_IMPLICIT_RETAIN_SELF = YES;
				CLANG_WARN_OBJC_LITERAL_CONVERSION = YES;
				CLANG_WARN_OBJC_ROOT_CLASS = YES_ERROR;
				CLANG_WARN_RANGE_LOOP_ANALYSIS = YES;
				CLANG_WARN_STRICT_PROTOTYPES = YES;
				CLANG_WARN_SUSPICIOUS_MOVE = YES;
				CLANG_WARN_UNGUARDED_AVAILABILITY = YES_AGGRESSIVE;
				CLANG_WARN_UNREACHABLE_CODE = YES;
				CLANG_WARN__DUPLICATE_METHOD_MATCH = YES;
				CODE_SIGN_IDENTITY = "iPhone Developer";
				COPY_PHASE_STRIP = NO;
				DEBUG_INFORMATION_FORMAT = dwarf;
				ENABLE_STRICT_OBJC_MSGSEND = YES;
				ENABLE_TESTABILITY = YES;
				GCC_C_LANGUAGE_STANDARD = gnu11;
				GCC_DYNAMIC_NO_PIC = NO;
				GCC_NO_COMMON_BLOCKS = YES;
				GCC_OPTIMIZATION_LEVEL = 0;
				GCC_PREPROCESSOR_DEFINITIONS = (
					"DEBUG=1",
					"$(inherited)",
				);
				GCC_WARN_64_TO_32_BIT_CONVERSION = YES;
				GCC_WARN_ABOUT_RETURN_TYPE = YES_ERROR;
				GCC_WARN_UNDECLARED_SELECTOR = YES;
				GCC_WARN_UNINITIALIZED_AUTOS = YES_AGGRESSIVE;
				GCC_WARN_UNUSED_FUNCTION = YES;
				GCC_WARN_UNUSED_VARIABLE = YES;
				IPHONEOS_DEPLOYMENT_TARGET = 12.1;
				MTL_ENABLE_DEBUG_INFO = INCLUDE_SOURCE;
				MTL_FAST_MATH = YES;
				ONLY_ACTIVE_ARCH = YES;
				SDKROOT = iphoneos;
				SWIFT_ACTIVE_COMPILATION_CONDITIONS = DEBUG;
				SWIFT_OPTIMIZATION_LEVEL = "-Onone";
			};
			name = Debug;
		};
		28FA074421D2815300E1A891 /* Release */ = {
			isa = XCBuildConfiguration;
			buildSettings = {
				ALWAYS_SEARCH_USER_PATHS = NO;
				CLANG_ANALYZER_NONNULL = YES;
				CLANG_ANALYZER_NUMBER_OBJECT_CONVERSION = YES_AGGRESSIVE;
				CLANG_CXX_LANGUAGE_STANDARD = "gnu++14";
				CLANG_CXX_LIBRARY = "libc++";
				CLANG_ENABLE_MODULES = YES;
				CLANG_ENABLE_OBJC_ARC = YES;
				CLANG_ENABLE_OBJC_WEAK = YES;
				CLANG_WARN_BLOCK_CAPTURE_AUTORELEASING = YES;
				CLANG_WARN_BOOL_CONVERSION = YES;
				CLANG_WARN_COMMA = YES;
				CLANG_WARN_CONSTANT_CONVERSION = YES;
				CLANG_WARN_DEPRECATED_OBJC_IMPLEMENTATIONS = YES;
				CLANG_WARN_DIRECT_OBJC_ISA_USAGE = YES_ERROR;
				CLANG_WARN_DOCUMENTATION_COMMENTS = YES;
				CLANG_WARN_EMPTY_BODY = YES;
				CLANG_WARN_ENUM_CONVERSION = YES;
				CLANG_WARN_INFINITE_RECURSION = YES;
				CLANG_WARN_INT_CONVERSION = YES;
				CLANG_WARN_NON_LITERAL_NULL_CONVERSION = YES;
				CLANG_WARN_OBJC_IMPLICIT_RETAIN_SELF = YES;
				CLANG_WARN_OBJC_LITERAL_CONVERSION = YES;
				CLANG_WARN_OBJC_ROOT_CLASS = YES_ERROR;
				CLANG_WARN_RANGE_LOOP_ANALYSIS = YES;
				CLANG_WARN_STRICT_PROTOTYPES = YES;
				CLANG_WARN_SUSPICIOUS_MOVE = YES;
				CLANG_WARN_UNGUARDED_AVAILABILITY = YES_AGGRESSIVE;
				CLANG_WARN_UNREACHABLE_CODE = YES;
				CLANG_WARN__DUPLICATE_METHOD_MATCH = YES;
				CODE_SIGN_IDENTITY = "iPhone Developer";
				COPY_PHASE_STRIP = NO;
				DEBUG_INFORMATION_FORMAT = "dwarf-with-dsym";
				ENABLE_NS_ASSERTIONS = NO;
				ENABLE_STRICT_OBJC_MSGSEND = YES;
				GCC_C_LANGUAGE_STANDARD = gnu11;
				GCC_NO_COMMON_BLOCKS = YES;
				GCC_WARN_64_TO_32_BIT_CONVERSION = YES;
				GCC_WARN_ABOUT_RETURN_TYPE = YES_ERROR;
				GCC_WARN_UNDECLARED_SELECTOR = YES;
				GCC_WARN_UNINITIALIZED_AUTOS = YES_AGGRESSIVE;
				GCC_WARN_UNUSED_FUNCTION = YES;
				GCC_WARN_UNUSED_VARIABLE = YES;
				IPHONEOS_DEPLOYMENT_TARGET = 12.1;
				MTL_ENABLE_DEBUG_INFO = NO;
				MTL_FAST_MATH = YES;
				SDKROOT = iphoneos;
				SWIFT_COMPILATION_MODE = wholemodule;
				SWIFT_OPTIMIZATION_LEVEL = "-O";
				VALIDATE_PRODUCT = YES;
			};
			name = Release;
		};
		28FA074621D2815300E1A891 /* Debug */ = {
			isa = XCBuildConfiguration;
			buildSettings = {
				ASSETCATALOG_COMPILER_APPICON_NAME = AppIcon;
				CODE_SIGN_STYLE = Automatic;
				DEVELOPMENT_TEAM = 4G3T5AXVFP;
				INFOPLIST_FILE = PomodoroTimer/Info.plist;
				LD_RUNPATH_SEARCH_PATHS = (
					"$(inherited)",
					"@executable_path/Frameworks",
				);
				PRODUCT_BUNDLE_IDENTIFIER = springApple.PomodoroTimer;
				PRODUCT_NAME = "$(TARGET_NAME)";
				SWIFT_VERSION = 4.2;
				TARGETED_DEVICE_FAMILY = "1,2";
			};
			name = Debug;
		};
		28FA074721D2815300E1A891 /* Release */ = {
			isa = XCBuildConfiguration;
			buildSettings = {
				ASSETCATALOG_COMPILER_APPICON_NAME = AppIcon;
				CODE_SIGN_STYLE = Automatic;
				DEVELOPMENT_TEAM = 4G3T5AXVFP;
				INFOPLIST_FILE = PomodoroTimer/Info.plist;
				LD_RUNPATH_SEARCH_PATHS = (
					"$(inherited)",
					"@executable_path/Frameworks",
				);
				PRODUCT_BUNDLE_IDENTIFIER = springApple.PomodoroTimer;
				PRODUCT_NAME = "$(TARGET_NAME)";
				SWIFT_VERSION = 4.2;
				TARGETED_DEVICE_FAMILY = "1,2";
			};
			name = Release;
		};
		28FA074921D2815300E1A891 /* Debug */ = {
			isa = XCBuildConfiguration;
			buildSettings = {
				ALWAYS_EMBED_SWIFT_STANDARD_LIBRARIES = YES;
				BUNDLE_LOADER = "$(TEST_HOST)";
				CODE_SIGN_STYLE = Automatic;
				DEVELOPMENT_TEAM = 4G3T5AXVFP;
				INFOPLIST_FILE = PomodoroTimerTests/Info.plist;
				LD_RUNPATH_SEARCH_PATHS = (
					"$(inherited)",
					"@executable_path/Frameworks",
					"@loader_path/Frameworks",
				);
				PRODUCT_BUNDLE_IDENTIFIER = springApple.PomodoroTimerTests;
				PRODUCT_NAME = "$(TARGET_NAME)";
				SWIFT_VERSION = 4.2;
				TARGETED_DEVICE_FAMILY = "1,2";
				TEST_HOST = "$(BUILT_PRODUCTS_DIR)/PomodoroTimer.app/PomodoroTimer";
			};
			name = Debug;
		};
		28FA074A21D2815300E1A891 /* Release */ = {
			isa = XCBuildConfiguration;
			buildSettings = {
				ALWAYS_EMBED_SWIFT_STANDARD_LIBRARIES = YES;
				BUNDLE_LOADER = "$(TEST_HOST)";
				CODE_SIGN_STYLE = Automatic;
				DEVELOPMENT_TEAM = 4G3T5AXVFP;
				INFOPLIST_FILE = PomodoroTimerTests/Info.plist;
				LD_RUNPATH_SEARCH_PATHS = (
					"$(inherited)",
					"@executable_path/Frameworks",
					"@loader_path/Frameworks",
				);
				PRODUCT_BUNDLE_IDENTIFIER = springApple.PomodoroTimerTests;
				PRODUCT_NAME = "$(TARGET_NAME)";
				SWIFT_VERSION = 4.2;
				TARGETED_DEVICE_FAMILY = "1,2";
				TEST_HOST = "$(BUILT_PRODUCTS_DIR)/PomodoroTimer.app/PomodoroTimer";
			};
			name = Release;
		};
		28FA074C21D2815300E1A891 /* Debug */ = {
			isa = XCBuildConfiguration;
			buildSettings = {
				ALWAYS_EMBED_SWIFT_STANDARD_LIBRARIES = YES;
				CODE_SIGN_STYLE = Automatic;
				DEVELOPMENT_TEAM = 4G3T5AXVFP;
				INFOPLIST_FILE = PomodoroTimerUITests/Info.plist;
				LD_RUNPATH_SEARCH_PATHS = (
					"$(inherited)",
					"@executable_path/Frameworks",
					"@loader_path/Frameworks",
				);
				PRODUCT_BUNDLE_IDENTIFIER = springApple.PomodoroTimerUITests;
				PRODUCT_NAME = "$(TARGET_NAME)";
				SWIFT_VERSION = 4.2;
				TARGETED_DEVICE_FAMILY = "1,2";
				TEST_TARGET_NAME = PomodoroTimer;
			};
			name = Debug;
		};
		28FA074D21D2815300E1A891 /* Release */ = {
			isa = XCBuildConfiguration;
			buildSettings = {
				ALWAYS_EMBED_SWIFT_STANDARD_LIBRARIES = YES;
				CODE_SIGN_STYLE = Automatic;
				DEVELOPMENT_TEAM = 4G3T5AXVFP;
				INFOPLIST_FILE = PomodoroTimerUITests/Info.plist;
				LD_RUNPATH_SEARCH_PATHS = (
					"$(inherited)",
					"@executable_path/Frameworks",
					"@loader_path/Frameworks",
				);
				PRODUCT_BUNDLE_IDENTIFIER = springApple.PomodoroTimerUITests;
				PRODUCT_NAME = "$(TARGET_NAME)";
				SWIFT_VERSION = 4.2;
				TARGETED_DEVICE_FAMILY = "1,2";
				TEST_TARGET_NAME = PomodoroTimer;
			};
			name = Release;
		};
/* End XCBuildConfiguration section */

/* Begin XCConfigurationList section */
		28FA071521D2814600E1A891 /* Build configuration list for PBXProject "PomodoroTimer" */ = {
			isa = XCConfigurationList;
			buildConfigurations = (
				28FA074321D2815300E1A891 /* Debug */,
				28FA074421D2815300E1A891 /* Release */,
			);
			defaultConfigurationIsVisible = 0;
			defaultConfigurationName = Release;
		};
		28FA074521D2815300E1A891 /* Build configuration list for PBXNativeTarget "PomodoroTimer" */ = {
			isa = XCConfigurationList;
			buildConfigurations = (
				28FA074621D2815300E1A891 /* Debug */,
				28FA074721D2815300E1A891 /* Release */,
			);
			defaultConfigurationIsVisible = 0;
			defaultConfigurationName = Release;
		};
		28FA074821D2815300E1A891 /* Build configuration list for PBXNativeTarget "PomodoroTimerTests" */ = {
			isa = XCConfigurationList;
			buildConfigurations = (
				28FA074921D2815300E1A891 /* Debug */,
				28FA074A21D2815300E1A891 /* Release */,
			);
			defaultConfigurationIsVisible = 0;
			defaultConfigurationName = Release;
		};
		28FA074B21D2815300E1A891 /* Build configuration list for PBXNativeTarget "PomodoroTimerUITests" */ = {
			isa = XCConfigurationList;
			buildConfigurations = (
				28FA074C21D2815300E1A891 /* Debug */,
				28FA074D21D2815300E1A891 /* Release */,
			);
			defaultConfigurationIsVisible = 0;
			defaultConfigurationName = Release;
		};
/* End XCConfigurationList section */

/* Begin XCVersionGroup section */
		28FA072421D2814700E1A891 /* PomodoroTimer.xcdatamodeld */ = {
			isa = XCVersionGroup;
			children = (
				28FA072521D2814700E1A891 /* PomodoroTimer.xcdatamodel */,
			);
			currentVersion = 28FA072521D2814700E1A891 /* PomodoroTimer.xcdatamodel */;
			path = PomodoroTimer.xcdatamodeld;
			sourceTree = "<group>";
			versionGroupType = wrapper.xcdatamodel;
		};
/* End XCVersionGroup section */
	};
	rootObject = 28FA071221D2814600E1A891 /* Project object */;
}
